// !$*UTF8*$!
{
	archiveVersion = 1;
	classes = {
	};
	objectVersion = 56;
	objects = {

/* Begin PBXBuildFile section */
		216B277C29AD53F50079CDD3 /* WidgetKit.framework in Frameworks */ = {isa = PBXBuildFile; fileRef = 216B277B29AD53F40079CDD3 /* WidgetKit.framework */; };
		216B277E29AD53F50079CDD3 /* SwiftUI.framework in Frameworks */ = {isa = PBXBuildFile; fileRef = 216B277D29AD53F50079CDD3 /* SwiftUI.framework */; };
		216B278129AD53F50079CDD3 /* widgetextBundle.swift in Sources */ = {isa = PBXBuildFile; fileRef = 216B278029AD53F50079CDD3 /* widgetextBundle.swift */; };
		216B278329AD53F50079CDD3 /* widgetextLiveActivity.swift in Sources */ = {isa = PBXBuildFile; fileRef = 216B278229AD53F50079CDD3 /* widgetextLiveActivity.swift */; };
		216B278529AD53F50079CDD3 /* widgetext.swift in Sources */ = {isa = PBXBuildFile; fileRef = 216B278429AD53F50079CDD3 /* widgetext.swift */; };
		216B278729AD53F60079CDD3 /* Assets.xcassets in Resources */ = {isa = PBXBuildFile; fileRef = 216B278629AD53F60079CDD3 /* Assets.xcassets */; };
		216B278B29AD53F60079CDD3 /* widgetextExtension.appex in Embed Foundation Extensions */ = {isa = PBXBuildFile; fileRef = 216B277929AD53F40079CDD3 /* widgetextExtension.appex */; settings = {ATTRIBUTES = (RemoveHeadersOnCopy, ); }; };
		216B279129AD58AC0079CDD3 /* StudyClassAttributes.swift in Sources */ = {isa = PBXBuildFile; fileRef = 216B279029AD58AC0079CDD3 /* StudyClassAttributes.swift */; };
		216B279229AD61250079CDD3 /* StudyClassAttributes.swift in Sources */ = {isa = PBXBuildFile; fileRef = 216B279029AD58AC0079CDD3 /* StudyClassAttributes.swift */; };
		2188046829B0CB6500A7BB88 /* StudyClass.swift in Sources */ = {isa = PBXBuildFile; fileRef = 2188046729B0CB6500A7BB88 /* StudyClass.swift */; };
		2188046A29B0CC0600A7BB88 /* LiveActivityUtils.swift in Sources */ = {isa = PBXBuildFile; fileRef = 2188046929B0CC0600A7BB88 /* LiveActivityUtils.swift */; };
		2188046D29B0CCFE00A7BB88 /* StudyClassListView.swift in Sources */ = {isa = PBXBuildFile; fileRef = 2188046C29B0CCFE00A7BB88 /* StudyClassListView.swift */; };
		21C5C34E29AD190B00EDFBCE /* classtimetrackerApp.swift in Sources */ = {isa = PBXBuildFile; fileRef = 21C5C34D29AD190B00EDFBCE /* classtimetrackerApp.swift */; };
		21C5C35029AD190B00EDFBCE /* ContentView.swift in Sources */ = {isa = PBXBuildFile; fileRef = 21C5C34F29AD190B00EDFBCE /* ContentView.swift */; };
		21C5C35229AD190C00EDFBCE /* Assets.xcassets in Resources */ = {isa = PBXBuildFile; fileRef = 21C5C35129AD190C00EDFBCE /* Assets.xcassets */; };
		21C5C35529AD190C00EDFBCE /* Preview Assets.xcassets in Resources */ = {isa = PBXBuildFile; fileRef = 21C5C35429AD190C00EDFBCE /* Preview Assets.xcassets */; };
/* End PBXBuildFile section */

/* Begin PBXContainerItemProxy section */
		216B278929AD53F60079CDD3 /* PBXContainerItemProxy */ = {
			isa = PBXContainerItemProxy;
			containerPortal = 21C5C34229AD190B00EDFBCE /* Project object */;
			proxyType = 1;
			remoteGlobalIDString = 216B277829AD53F40079CDD3;
			remoteInfo = widgetextExtension;
		};
/* End PBXContainerItemProxy section */

/* Begin PBXCopyFilesBuildPhase section */
		216B278C29AD53F60079CDD3 /* Embed Foundation Extensions */ = {
			isa = PBXCopyFilesBuildPhase;
			buildActionMask = 2147483647;
			dstPath = "";
			dstSubfolderSpec = 13;
			files = (
				216B278B29AD53F60079CDD3 /* widgetextExtension.appex in Embed Foundation Extensions */,
			);
			name = "Embed Foundation Extensions";
			runOnlyForDeploymentPostprocessing = 0;
		};
/* End PBXCopyFilesBuildPhase section */

/* Begin PBXFileReference section */
		216B277929AD53F40079CDD3 /* widgetextExtension.appex */ = {isa = PBXFileReference; explicitFileType = "wrapper.app-extension"; includeInIndex = 0; path = widgetextExtension.appex; sourceTree = BUILT_PRODUCTS_DIR; };
		216B277B29AD53F40079CDD3 /* WidgetKit.framework */ = {isa = PBXFileReference; lastKnownFileType = wrapper.framework; name = WidgetKit.framework; path = System/Library/Frameworks/WidgetKit.framework; sourceTree = SDKROOT; };
		216B277D29AD53F50079CDD3 /* SwiftUI.framework */ = {isa = PBXFileReference; lastKnownFileType = wrapper.framework; name = SwiftUI.framework; path = System/Library/Frameworks/SwiftUI.framework; sourceTree = SDKROOT; };
		216B278029AD53F50079CDD3 /* widgetextBundle.swift */ = {isa = PBXFileReference; lastKnownFileType = sourcecode.swift; path = widgetextBundle.swift; sourceTree = "<group>"; };
		216B278229AD53F50079CDD3 /* widgetextLiveActivity.swift */ = {isa = PBXFileReference; lastKnownFileType = sourcecode.swift; path = widgetextLiveActivity.swift; sourceTree = "<group>"; };
		216B278429AD53F50079CDD3 /* widgetext.swift */ = {isa = PBXFileReference; lastKnownFileType = sourcecode.swift; path = widgetext.swift; sourceTree = "<group>"; };
		216B278629AD53F60079CDD3 /* Assets.xcassets */ = {isa = PBXFileReference; lastKnownFileType = folder.assetcatalog; path = Assets.xcassets; sourceTree = "<group>"; };
		216B278829AD53F60079CDD3 /* Info.plist */ = {isa = PBXFileReference; lastKnownFileType = text.plist.xml; path = Info.plist; sourceTree = "<group>"; };
		216B279029AD58AC0079CDD3 /* StudyClassAttributes.swift */ = {isa = PBXFileReference; lastKnownFileType = sourcecode.swift; path = StudyClassAttributes.swift; sourceTree = "<group>"; };
		2188046729B0CB6500A7BB88 /* StudyClass.swift */ = {isa = PBXFileReference; lastKnownFileType = sourcecode.swift; path = StudyClass.swift; sourceTree = "<group>"; };
		2188046929B0CC0600A7BB88 /* LiveActivityUtils.swift */ = {isa = PBXFileReference; lastKnownFileType = sourcecode.swift; path = LiveActivityUtils.swift; sourceTree = "<group>"; };
		2188046C29B0CCFE00A7BB88 /* StudyClassListView.swift */ = {isa = PBXFileReference; lastKnownFileType = sourcecode.swift; path = StudyClassListView.swift; sourceTree = "<group>"; };
		21C5C34A29AD190B00EDFBCE /* classtimetracker.app */ = {isa = PBXFileReference; explicitFileType = wrapper.application; includeInIndex = 0; path = classtimetracker.app; sourceTree = BUILT_PRODUCTS_DIR; };
		21C5C34D29AD190B00EDFBCE /* classtimetrackerApp.swift */ = {isa = PBXFileReference; lastKnownFileType = sourcecode.swift; path = classtimetrackerApp.swift; sourceTree = "<group>"; };
		21C5C34F29AD190B00EDFBCE /* ContentView.swift */ = {isa = PBXFileReference; lastKnownFileType = sourcecode.swift; path = ContentView.swift; sourceTree = "<group>"; };
		21C5C35129AD190C00EDFBCE /* Assets.xcassets */ = {isa = PBXFileReference; lastKnownFileType = folder.assetcatalog; path = Assets.xcassets; sourceTree = "<group>"; };
		21C5C35429AD190C00EDFBCE /* Preview Assets.xcassets */ = {isa = PBXFileReference; lastKnownFileType = folder.assetcatalog; path = "Preview Assets.xcassets"; sourceTree = "<group>"; };
/* End PBXFileReference section */

/* Begin PBXFrameworksBuildPhase section */
		216B277629AD53F40079CDD3 /* Frameworks */ = {
			isa = PBXFrameworksBuildPhase;
			buildActionMask = 2147483647;
			files = (
				216B277E29AD53F50079CDD3 /* SwiftUI.framework in Frameworks */,
				216B277C29AD53F50079CDD3 /* WidgetKit.framework in Frameworks */,
			);
			runOnlyForDeploymentPostprocessing = 0;
		};
		21C5C34729AD190B00EDFBCE /* Frameworks */ = {
			isa = PBXFrameworksBuildPhase;
			buildActionMask = 2147483647;
			files = (
			);
			runOnlyForDeploymentPostprocessing = 0;
		};
/* End PBXFrameworksBuildPhase section */

/* Begin PBXGroup section */
		216B277A29AD53F40079CDD3 /* Frameworks */ = {
			isa = PBXGroup;
			children = (
				216B277B29AD53F40079CDD3 /* WidgetKit.framework */,
				216B277D29AD53F50079CDD3 /* SwiftUI.framework */,
			);
			name = Frameworks;
			sourceTree = "<group>";
		};
		216B277F29AD53F50079CDD3 /* widgetext */ = {
			isa = PBXGroup;
			children = (
				216B278029AD53F50079CDD3 /* widgetextBundle.swift */,
				216B278229AD53F50079CDD3 /* widgetextLiveActivity.swift */,
				216B278429AD53F50079CDD3 /* widgetext.swift */,
				216B278629AD53F60079CDD3 /* Assets.xcassets */,
				216B278829AD53F60079CDD3 /* Info.plist */,
			);
			path = widgetext;
			sourceTree = "<group>";
		};
		2188046B29B0CCE000A7BB88 /* Views */ = {
			isa = PBXGroup;
			children = (
				2188046C29B0CCFE00A7BB88 /* StudyClassListView.swift */,
			);
			path = Views;
			sourceTree = "<group>";
		};
		21C5C34129AD190B00EDFBCE = {
			isa = PBXGroup;
			children = (
				21C5C34C29AD190B00EDFBCE /* classtimetracker */,
				216B277F29AD53F50079CDD3 /* widgetext */,
				216B277A29AD53F40079CDD3 /* Frameworks */,
				21C5C34B29AD190B00EDFBCE /* Products */,
			);
			sourceTree = "<group>";
		};
		21C5C34B29AD190B00EDFBCE /* Products */ = {
			isa = PBXGroup;
			children = (
				21C5C34A29AD190B00EDFBCE /* classtimetracker.app */,
				216B277929AD53F40079CDD3 /* widgetextExtension.appex */,
			);
			name = Products;
			sourceTree = "<group>";
		};
		21C5C34C29AD190B00EDFBCE /* classtimetracker */ = {
			isa = PBXGroup;
			children = (
				2188046B29B0CCE000A7BB88 /* Views */,
				21C5C34D29AD190B00EDFBCE /* classtimetrackerApp.swift */,
				21C5C34F29AD190B00EDFBCE /* ContentView.swift */,
				216B279029AD58AC0079CDD3 /* StudyClassAttributes.swift */,
				2188046729B0CB6500A7BB88 /* StudyClass.swift */,
				2188046929B0CC0600A7BB88 /* LiveActivityUtils.swift */,
				21C5C35129AD190C00EDFBCE /* Assets.xcassets */,
				21C5C35329AD190C00EDFBCE /* Preview Content */,
			);
			path = classtimetracker;
			sourceTree = "<group>";
		};
		21C5C35329AD190C00EDFBCE /* Preview Content */ = {
			isa = PBXGroup;
			children = (
				21C5C35429AD190C00EDFBCE /* Preview Assets.xcassets */,
			);
			path = "Preview Content";
			sourceTree = "<group>";
		};
/* End PBXGroup section */

/* Begin PBXNativeTarget section */
		216B277829AD53F40079CDD3 /* widgetextExtension */ = {
			isa = PBXNativeTarget;
			buildConfigurationList = 216B278F29AD53F60079CDD3 /* Build configuration list for PBXNativeTarget "widgetextExtension" */;
			buildPhases = (
				216B277529AD53F40079CDD3 /* Sources */,
				216B277629AD53F40079CDD3 /* Frameworks */,
				216B277729AD53F40079CDD3 /* Resources */,
			);
			buildRules = (
			);
			dependencies = (
			);
			name = widgetextExtension;
			productName = widgetextExtension;
			productReference = 216B277929AD53F40079CDD3 /* widgetextExtension.appex */;
			productType = "com.apple.product-type.app-extension";
		};
		21C5C34929AD190B00EDFBCE /* classtimetracker */ = {
			isa = PBXNativeTarget;
			buildConfigurationList = 21C5C35829AD190C00EDFBCE /* Build configuration list for PBXNativeTarget "classtimetracker" */;
			buildPhases = (
				21C5C34629AD190B00EDFBCE /* Sources */,
				21C5C34729AD190B00EDFBCE /* Frameworks */,
				21C5C34829AD190B00EDFBCE /* Resources */,
				216B278C29AD53F60079CDD3 /* Embed Foundation Extensions */,
			);
			buildRules = (
			);
			dependencies = (
				216B278A29AD53F60079CDD3 /* PBXTargetDependency */,
			);
			name = classtimetracker;
			productName = classtimetracker;
			productReference = 21C5C34A29AD190B00EDFBCE /* classtimetracker.app */;
			productType = "com.apple.product-type.application";
		};
/* End PBXNativeTarget section */

/* Begin PBXProject section */
		21C5C34229AD190B00EDFBCE /* Project object */ = {
			isa = PBXProject;
			attributes = {
				BuildIndependentTargetsInParallel = 1;
				LastSwiftUpdateCheck = 1420;
				LastUpgradeCheck = 1420;
				TargetAttributes = {
					216B277829AD53F40079CDD3 = {
						CreatedOnToolsVersion = 14.2;
					};
					21C5C34929AD190B00EDFBCE = {
						CreatedOnToolsVersion = 14.2;
					};
				};
			};
			buildConfigurationList = 21C5C34529AD190B00EDFBCE /* Build configuration list for PBXProject "classtimetracker" */;
			compatibilityVersion = "Xcode 14.0";
			developmentRegion = en;
			hasScannedForEncodings = 0;
			knownRegions = (
				en,
				Base,
			);
			mainGroup = 21C5C34129AD190B00EDFBCE;
			productRefGroup = 21C5C34B29AD190B00EDFBCE /* Products */;
			projectDirPath = "";
			projectRoot = "";
			targets = (
				21C5C34929AD190B00EDFBCE /* classtimetracker */,
				216B277829AD53F40079CDD3 /* widgetextExtension */,
			);
		};
/* End PBXProject section */

/* Begin PBXResourcesBuildPhase section */
		216B277729AD53F40079CDD3 /* Resources */ = {
			isa = PBXResourcesBuildPhase;
			buildActionMask = 2147483647;
			files = (
				216B278729AD53F60079CDD3 /* Assets.xcassets in Resources */,
			);
			runOnlyForDeploymentPostprocessing = 0;
		};
		21C5C34829AD190B00EDFBCE /* Resources */ = {
			isa = PBXResourcesBuildPhase;
			buildActionMask = 2147483647;
			files = (
				21C5C35529AD190C00EDFBCE /* Preview Assets.xcassets in Resources */,
				21C5C35229AD190C00EDFBCE /* Assets.xcassets in Resources */,
			);
			runOnlyForDeploymentPostprocessing = 0;
		};
/* End PBXResourcesBuildPhase section */

/* Begin PBXSourcesBuildPhase section */
		216B277529AD53F40079CDD3 /* Sources */ = {
			isa = PBXSourcesBuildPhase;
			buildActionMask = 2147483647;
			files = (
				216B278329AD53F50079CDD3 /* widgetextLiveActivity.swift in Sources */,
				216B278129AD53F50079CDD3 /* widgetextBundle.swift in Sources */,
				216B278529AD53F50079CDD3 /* widgetext.swift in Sources */,
				216B279229AD61250079CDD3 /* StudyClassAttributes.swift in Sources */,
			);
			runOnlyForDeploymentPostprocessing = 0;
		};
		21C5C34629AD190B00EDFBCE /* Sources */ = {
			isa = PBXSourcesBuildPhase;
			buildActionMask = 2147483647;
			files = (
				21C5C35029AD190B00EDFBCE /* ContentView.swift in Sources */,
				21C5C34E29AD190B00EDFBCE /* classtimetrackerApp.swift in Sources */,
				2188046A29B0CC0600A7BB88 /* LiveActivityUtils.swift in Sources */,
				2188046829B0CB6500A7BB88 /* StudyClass.swift in Sources */,
				216B279129AD58AC0079CDD3 /* StudyClassAttributes.swift in Sources */,
				2188046D29B0CCFE00A7BB88 /* StudyClassListView.swift in Sources */,
			);
			runOnlyForDeploymentPostprocessing = 0;
		};
/* End PBXSourcesBuildPhase section */

/* Begin PBXTargetDependency section */
		216B278A29AD53F60079CDD3 /* PBXTargetDependency */ = {
			isa = PBXTargetDependency;
			target = 216B277829AD53F40079CDD3 /* widgetextExtension */;
			targetProxy = 216B278929AD53F60079CDD3 /* PBXContainerItemProxy */;
		};
/* End PBXTargetDependency section */

/* Begin XCBuildConfiguration section */
		216B278D29AD53F60079CDD3 /* Debug */ = {
			isa = XCBuildConfiguration;
			buildSettings = {
				ASSETCATALOG_COMPILER_GLOBAL_ACCENT_COLOR_NAME = AccentColor;
				ASSETCATALOG_COMPILER_WIDGET_BACKGROUND_COLOR_NAME = WidgetBackground;
				CODE_SIGN_STYLE = Automatic;
				CURRENT_PROJECT_VERSION = 1;
				DEVELOPMENT_TEAM = W7TTKAZX72;
				GENERATE_INFOPLIST_FILE = YES;
				INFOPLIST_FILE = widgetext/Info.plist;
				INFOPLIST_KEY_CFBundleDisplayName = widgetext;
				INFOPLIST_KEY_NSHumanReadableCopyright = "";
				LD_RUNPATH_SEARCH_PATHS = (
					"$(inherited)",
					"@executable_path/Frameworks",
					"@executable_path/../../Frameworks",
				);
				MARKETING_VERSION = 1.0;
				PRODUCT_BUNDLE_IDENTIFIER = xezrunner.classtimetracker.widgetext;
				PRODUCT_NAME = "$(TARGET_NAME)";
				SKIP_INSTALL = YES;
				SWIFT_EMIT_LOC_STRINGS = YES;
				SWIFT_VERSION = 5.0;
				TARGETED_DEVICE_FAMILY = "1,2";
			};
			name = Debug;
		};
		216B278E29AD53F60079CDD3 /* Release */ = {
			isa = XCBuildConfiguration;
			buildSettings = {
				ASSETCATALOG_COMPILER_GLOBAL_ACCENT_COLOR_NAME = AccentColor;
				ASSETCATALOG_COMPILER_WIDGET_BACKGROUND_COLOR_NAME = WidgetBackground;
				CODE_SIGN_STYLE = Automatic;
				CURRENT_PROJECT_VERSION = 1;
				DEVELOPMENT_TEAM = W7TTKAZX72;
				GENERATE_INFOPLIST_FILE = YES;
				INFOPLIST_FILE = widgetext/Info.plist;
				INFOPLIST_KEY_CFBundleDisplayName = widgetext;
				INFOPLIST_KEY_NSHumanReadableCopyright = "";
				LD_RUNPATH_SEARCH_PATHS = (
					"$(inherited)",
					"@executable_path/Frameworks",
					"@executable_path/../../Frameworks",
				);
				MARKETING_VERSION = 1.0;
				PRODUCT_BUNDLE_IDENTIFIER = xezrunner.classtimetracker.widgetext;
				PRODUCT_NAME = "$(TARGET_NAME)";
				SKIP_INSTALL = YES;
				SWIFT_EMIT_LOC_STRINGS = YES;
				SWIFT_VERSION = 5.0;
				TARGETED_DEVICE_FAMILY = "1,2";
			};
			name = Release;
		};
		21C5C35629AD190C00EDFBCE /* Debug */ = {
			isa = XCBuildConfiguration;
			buildSettings = {
				ALWAYS_SEARCH_USER_PATHS = NO;
				CLANG_ANALYZER_NONNULL = YES;
				CLANG_ANALYZER_NUMBER_OBJECT_CONVERSION = YES_AGGRESSIVE;
				CLANG_CXX_LANGUAGE_STANDARD = "gnu++20";
				CLANG_ENABLE_MODULES = YES;
				CLANG_ENABLE_OBJC_ARC = YES;
				CLANG_ENABLE_OBJC_WEAK = YES;
				CLANG_WARN_BLOCK_CAPTURE_AUTORELEASING = YES;
				CLANG_WARN_BOOL_CONVERSION = YES;
				CLANG_WARN_COMMA = YES;
				CLANG_WARN_CONSTANT_CONVERSION = YES;
				CLANG_WARN_DEPRECATED_OBJC_IMPLEMENTATIONS = YES;
				CLANG_WARN_DIRECT_OBJC_ISA_USAGE = YES_ERROR;
				CLANG_WARN_DOCUMENTATION_COMMENTS = YES;
				CLANG_WARN_EMPTY_BODY = YES;
				CLANG_WARN_ENUM_CONVERSION = YES;
				CLANG_WARN_INFINITE_RECURSION = YES;
				CLANG_WARN_INT_CONVERSION = YES;
				CLANG_WARN_NON_LITERAL_NULL_CONVERSION = YES;
				CLANG_WARN_OBJC_IMPLICIT_RETAIN_SELF = YES;
				CLANG_WARN_OBJC_LITERAL_CONVERSION = YES;
				CLANG_WARN_OBJC_ROOT_CLASS = YES_ERROR;
				CLANG_WARN_QUOTED_INCLUDE_IN_FRAMEWORK_HEADER = YES;
				CLANG_WARN_RANGE_LOOP_ANALYSIS = YES;
				CLANG_WARN_STRICT_PROTOTYPES = YES;
				CLANG_WARN_SUSPICIOUS_MOVE = YES;
				CLANG_WARN_UNGUARDED_AVAILABILITY = YES_AGGRESSIVE;
				CLANG_WARN_UNREACHABLE_CODE = YES;
				CLANG_WARN__DUPLICATE_METHOD_MATCH = YES;
				COPY_PHASE_STRIP = NO;
				DEBUG_INFORMATION_FORMAT = dwarf;
				ENABLE_STRICT_OBJC_MSGSEND = YES;
				ENABLE_TESTABILITY = YES;
				GCC_C_LANGUAGE_STANDARD = gnu11;
				GCC_DYNAMIC_NO_PIC = NO;
				GCC_NO_COMMON_BLOCKS = YES;
				GCC_OPTIMIZATION_LEVEL = 0;
				GCC_PREPROCESSOR_DEFINITIONS = (
					"DEBUG=1",
					"$(inherited)",
				);
				GCC_WARN_64_TO_32_BIT_CONVERSION = YES;
				GCC_WARN_ABOUT_RETURN_TYPE = YES_ERROR;
				GCC_WARN_UNDECLARED_SELECTOR = YES;
				GCC_WARN_UNINITIALIZED_AUTOS = YES_AGGRESSIVE;
				GCC_WARN_UNUSED_FUNCTION = YES;
				GCC_WARN_UNUSED_VARIABLE = YES;
				IPHONEOS_DEPLOYMENT_TARGET = 16.2;
				MTL_ENABLE_DEBUG_INFO = INCLUDE_SOURCE;
				MTL_FAST_MATH = YES;
				ONLY_ACTIVE_ARCH = YES;
				SDKROOT = iphoneos;
				SWIFT_ACTIVE_COMPILATION_CONDITIONS = DEBUG;
				SWIFT_OPTIMIZATION_LEVEL = "-Onone";
			};
			name = Debug;
		};
		21C5C35729AD190C00EDFBCE /* Release */ = {
			isa = XCBuildConfiguration;
			buildSettings = {
				ALWAYS_SEARCH_USER_PATHS = NO;
				CLANG_ANALYZER_NONNULL = YES;
				CLANG_ANALYZER_NUMBER_OBJECT_CONVERSION = YES_AGGRESSIVE;
				CLANG_CXX_LANGUAGE_STANDARD = "gnu++20";
				CLANG_ENABLE_MODULES = YES;
				CLANG_ENABLE_OBJC_ARC = YES;
				CLANG_ENABLE_OBJC_WEAK = YES;
				CLANG_WARN_BLOCK_CAPTURE_AUTORELEASING = YES;
				CLANG_WARN_BOOL_CONVERSION = YES;
				CLANG_WARN_COMMA = YES;
				CLANG_WARN_CONSTANT_CONVERSION = YES;
				CLANG_WARN_DEPRECATED_OBJC_IMPLEMENTATIONS = YES;
				CLANG_WARN_DIRECT_OBJC_ISA_USAGE = YES_ERROR;
				CLANG_WARN_DOCUMENTATION_COMMENTS = YES;
				CLANG_WARN_EMPTY_BODY = YES;
				CLANG_WARN_ENUM_CONVERSION = YES;
				CLANG_WARN_INFINITE_RECURSION = YES;
				CLANG_WARN_INT_CONVERSION = YES;
				CLANG_WARN_NON_LITERAL_NULL_CONVERSION = YES;
				CLANG_WARN_OBJC_IMPLICIT_RETAIN_SELF = YES;
				CLANG_WARN_OBJC_LITERAL_CONVERSION = YES;
				CLANG_WARN_OBJC_ROOT_CLASS = YES_ERROR;
				CLANG_WARN_QUOTED_INCLUDE_IN_FRAMEWORK_HEADER = YES;
				CLANG_WARN_RANGE_LOOP_ANALYSIS = YES;
				CLANG_WARN_STRICT_PROTOTYPES = YES;
				CLANG_WARN_SUSPICIOUS_MOVE = YES;
				CLANG_WARN_UNGUARDED_AVAILABILITY = YES_AGGRESSIVE;
				CLANG_WARN_UNREACHABLE_CODE = YES;
				CLANG_WARN__DUPLICATE_METHOD_MATCH = YES;
				COPY_PHASE_STRIP = NO;
				DEBUG_INFORMATION_FORMAT = "dwarf-with-dsym";
				ENABLE_NS_ASSERTIONS = NO;
				ENABLE_STRICT_OBJC_MSGSEND = YES;
				GCC_C_LANGUAGE_STANDARD = gnu11;
				GCC_NO_COMMON_BLOCKS = YES;
				GCC_WARN_64_TO_32_BIT_CONVERSION = YES;
				GCC_WARN_ABOUT_RETURN_TYPE = YES_ERROR;
				GCC_WARN_UNDECLARED_SELECTOR = YES;
				GCC_WARN_UNINITIALIZED_AUTOS = YES_AGGRESSIVE;
				GCC_WARN_UNUSED_FUNCTION = YES;
				GCC_WARN_UNUSED_VARIABLE = YES;
				IPHONEOS_DEPLOYMENT_TARGET = 16.2;
				MTL_ENABLE_DEBUG_INFO = NO;
				MTL_FAST_MATH = YES;
				SDKROOT = iphoneos;
				SWIFT_COMPILATION_MODE = wholemodule;
				SWIFT_OPTIMIZATION_LEVEL = "-O";
				VALIDATE_PRODUCT = YES;
			};
			name = Release;
		};
		21C5C35929AD190C00EDFBCE /* Debug */ = {
			isa = XCBuildConfiguration;
			buildSettings = {
				ALWAYS_EMBED_SWIFT_STANDARD_LIBRARIES = YES;
				ASSETCATALOG_COMPILER_APPICON_NAME = AppIcon;
				ASSETCATALOG_COMPILER_GLOBAL_ACCENT_COLOR_NAME = AccentColor;
				CODE_SIGN_STYLE = Automatic;
				CURRENT_PROJECT_VERSION = 1;
				DEVELOPMENT_ASSET_PATHS = "\"classtimetracker/Preview Content\"";
				DEVELOPMENT_TEAM = W7TTKAZX72;
				ENABLE_PREVIEWS = YES;
				GENERATE_INFOPLIST_FILE = YES;
				INFOPLIST_KEY_NSSupportsLiveActivities = YES;
				INFOPLIST_KEY_UIApplicationSceneManifest_Generation = YES;
				INFOPLIST_KEY_UIApplicationSupportsIndirectInputEvents = YES;
				INFOPLIST_KEY_UILaunchScreen_Generation = YES;
				INFOPLIST_KEY_UISupportedInterfaceOrientations_iPad = "UIInterfaceOrientationPortrait UIInterfaceOrientationPortraitUpsideDown UIInterfaceOrientationLandscapeLeft UIInterfaceOrientationLandscapeRight";
				INFOPLIST_KEY_UISupportedInterfaceOrientations_iPhone = "UIInterfaceOrientationPortrait UIInterfaceOrientationLandscapeLeft UIInterfaceOrientationLandscapeRight";
				LD_RUNPATH_SEARCH_PATHS = (
					"$(inherited)",
					"@executable_path/Frameworks",
				);
				MARKETING_VERSION = 1.0;
				PRODUCT_BUNDLE_IDENTIFIER = xezrunner.classtimetracker;
				PRODUCT_NAME = "$(TARGET_NAME)";
				SWIFT_EMIT_LOC_STRINGS = YES;
				SWIFT_VERSION = 5.0;
				TARGETED_DEVICE_FAMILY = "1,2";
			};
			name = Debug;
		};
		21C5C35A29AD190C00EDFBCE /* Release */ = {
			isa = XCBuildConfiguration;
			buildSettings = {
				ALWAYS_EMBED_SWIFT_STANDARD_LIBRARIES = YES;
				ASSETCATALOG_COMPILER_APPICON_NAME = AppIcon;
				ASSETCATALOG_COMPILER_GLOBAL_ACCENT_COLOR_NAME = AccentColor;
				CODE_SIGN_STYLE = Automatic;
				CURRENT_PROJECT_VERSION = 1;
				DEVELOPMENT_ASSET_PATHS = "\"classtimetracker/Preview Content\"";
				DEVELOPMENT_TEAM = W7TTKAZX72;
				ENABLE_PREVIEWS = YES;
				GENERATE_INFOPLIST_FILE = YES;
				INFOPLIST_KEY_NSSupportsLiveActivities = YES;
				INFOPLIST_KEY_UIApplicationSceneManifest_Generation = YES;
				INFOPLIST_KEY_UIApplicationSupportsIndirectInputEvents = YES;
				INFOPLIST_KEY_UILaunchScreen_Generation = YES;
				INFOPLIST_KEY_UISupportedInterfaceOrientations_iPad = "UIInterfaceOrientationPortrait UIInterfaceOrientationPortraitUpsideDown UIInterfaceOrientationLandscapeLeft UIInterfaceOrientationLandscapeRight";
				INFOPLIST_KEY_UISupportedInterfaceOrientations_iPhone = "UIInterfaceOrientationPortrait UIInterfaceOrientationLandscapeLeft UIInterfaceOrientationLandscapeRight";
				LD_RUNPATH_SEARCH_PATHS = (
					"$(inherited)",
					"@executable_path/Frameworks",
				);
				MARKETING_VERSION = 1.0;
				PRODUCT_BUNDLE_IDENTIFIER = xezrunner.classtimetracker;
				PRODUCT_NAME = "$(TARGET_NAME)";
				SWIFT_EMIT_LOC_STRINGS = YES;
				SWIFT_VERSION = 5.0;
				TARGETED_DEVICE_FAMILY = "1,2";
			};
			name = Release;
		};
/* End XCBuildConfiguration section */

/* Begin XCConfigurationList section */
		216B278F29AD53F60079CDD3 /* Build configuration list for PBXNativeTarget "widgetextExtension" */ = {
			isa = XCConfigurationList;
			buildConfigurations = (
				216B278D29AD53F60079CDD3 /* Debug */,
				216B278E29AD53F60079CDD3 /* Release */,
			);
			defaultConfigurationIsVisible = 0;
			defaultConfigurationName = Release;
		};
		21C5C34529AD190B00EDFBCE /* Build configuration list for PBXProject "classtimetracker" */ = {
			isa = XCConfigurationList;
			buildConfigurations = (
				21C5C35629AD190C00EDFBCE /* Debug */,
				21C5C35729AD190C00EDFBCE /* Release */,
			);
			defaultConfigurationIsVisible = 0;
			defaultConfigurationName = Release;
		};
		21C5C35829AD190C00EDFBCE /* Build configuration list for PBXNativeTarget "classtimetracker" */ = {
			isa = XCConfigurationList;
			buildConfigurations = (
				21C5C35929AD190C00EDFBCE /* Debug */,
				21C5C35A29AD190C00EDFBCE /* Release */,
			);
			defaultConfigurationIsVisible = 0;
			defaultConfigurationName = Release;
		};
/* End XCConfigurationList section */
	};
	rootObject = 21C5C34229AD190B00EDFBCE /* Project object */;
}
